# This file is automatically @generated by Poetry and is project-owned test data.

[[package]]
name = "click"
version = "8.1.7"
description = "Composable command line interface toolkit"
optional = false
python-versions = ">=3.8"
groups = ["main"]
files = []

[metadata]
lock-version = "2.0"
python-versions = ">=3.12"
content-hash = "0000000000000000000000000000000000000000000000000000000000000000"
