{"name":"securescan-syft-fixture","version":"1.0.0","lockfileVersion":3,"requires":true,"packages":{"":{"name":"securescan-syft-fixture","version":"1.0.0","dependencies":{"lodash":"4.17.21"}},"node_modules/lodash":{"version":"4.17.21","resolved":"https://registry.npmjs.org/lodash/-/lodash-4.17.21.tgz","integrity":"sha512-v2kDEUA2D4I1/o6f6VZ8Tj0J7a3YF+o0gZ+uF9b1JpG0Yg9k9jC4H8vLwGvQJ7XfQf0vJ2Q8m3D7j1H7j5fQ=="}}}
