ConfigArgParse==1.7.6 --hash=sha256:0dec6f0a0248b2115d549f0607c6f629acf5ae690704f3787c78b42cf076e33b  # configargparse-1.7.6-py3-none-any.whl
GitPython==3.1.61 --hash=sha256:8ab28c9da863cdd9e7d7694ec46cf3e6c9a12d8a30a1acd3447aec11975d530c  # gitpython-3.1.61-py3-none-any.whl
Jinja2==3.1.6 --hash=sha256:85ece4451f492d0c13c5dd7c13a64681a86afae63a5f347908daf103ce6d2f67  # jinja2-3.1.6-py3-none-any.whl
Markdown==3.10.3 --hash=sha256:fa6c92a00a4a3c98b22728c64a935ae1928250ae65058a6ded814d2cc29a4cea  # markdown-3.10.3-py3-none-any.whl
MarkupSafe==3.0.3 --hash=sha256:d6dd0be5b5b189d31db7cda48b91d7e0a9795f31430b7f271219ab30f1d3ac9d  # markupsafe-3.0.3-cp312-cp312-manylinux2014_x86_64.manylinux_2_17_x86_64.manylinux_2_28_x86_64.whl
PyYAML==6.0.3 --hash=sha256:ba1cc08a7ccde2d2ec775841541641e4548226580ab850948cbfda66a1befcdc  # pyyaml-6.0.3-cp312-cp312-manylinux2014_x86_64.manylinux_2_17_x86_64.manylinux_2_28_x86_64.whl
aiodns==3.6.1 --hash=sha256:46233ccad25f2037903828c5d05b64590eaa756e51d12b4a5616e2defcbc98c7  # aiodns-3.6.1-py3-none-any.whl
aiohappyeyeballs==2.7.1 --hash=sha256:9243213661e29250eb41368e5daa826fc017156c3b8a11440826b2e3ed376472  # aiohappyeyeballs-2.7.1-py3-none-any.whl
aiohttp==3.14.3 --hash=sha256:543906c127fb1d929b95076db19b83fa2d46751006ff1e23b093aa5ac4d8db42  # aiohttp-3.14.3-cp312-cp312-manylinux2014_x86_64.manylinux_2_17_x86_64.manylinux_2_28_x86_64.whl
aiomultiprocess==0.9.1 --hash=sha256:3a7b3bb3c38dbfb4d9d1194ece5934b6d32cf0280e8edbe64a7d215bba1322c6  # aiomultiprocess-0.9.1-py3-none-any.whl
aiosignal==1.4.0 --hash=sha256:053243f8b92b990551949e63930a839ff0cf0b0ebbe0597b0f3fb19e1a0fe82e  # aiosignal-1.4.0-py3-none-any.whl
annotated-types==0.8.0 --hash=sha256:f072f4d804ea359e4eaf198b1af7a8b0943881a87f31bb764f8bf219bb9419e0  # annotated_types-0.8.0-py3-none-any.whl
argcomplete==3.7.2 --hash=sha256:6029205678bdd9c1c728a155f5f9ecf5812393f969eef58807641a2bc2aa5b19  # argcomplete-3.7.2-py3-none-any.whl
asteval==1.0.6 --hash=sha256:5e119ed306e39199fd99c881cea0e306b3f3807f050c9be79829fe274c6378dc  # asteval-1.0.6-py3-none-any.whl
attrs==26.1.0 --hash=sha256:c647aa4a12dfbad9333ca4e71fe62ddc36f4e63b2d260a37a8b83d2f043ac309  # attrs-26.1.0-py3-none-any.whl
bc-detect-secrets==1.5.50 --hash=sha256:016ce9e79f692adbabcbef4a7293db427352911c3f81404a136e6f5c3e54a7f2  # bc_detect_secrets-1.5.50-py3-none-any.whl
bc-jsonpath-ng==1.6.1 --hash=sha256:2c85bb1d194376808fe1fc49558dd484e39024b15c719995e22de811e6ba4dc8  # bc_jsonpath_ng-1.6.1-py3-none-any.whl
bc-python-hcl2==0.4.3 --hash=sha256:b0cce4cea16823f7da7fefa0f8177dfb91f51a1befe64ef59d8fe4d5ac616eec  # bc_python_hcl2-0.4.3-py3-none-any.whl
beartype==0.22.9 --hash=sha256:d16c9bbc61ea14637596c5f6fbff2ee99cbe3573e46a716401734ef50c3060c2  # beartype-0.22.9-py3-none-any.whl
beautifulsoup4==4.15.0 --hash=sha256:d6f88de62e1d4e38ecb1077eb9724cd0eff29d2a08ca16a401e9b9e93f117cf9  # beautifulsoup4-4.15.0-py3-none-any.whl
boolean.py==5.0 --hash=sha256:ef28a70bd43115208441b53a045d1549e2f0ec6e3d08a9d142cbc41c1938e8d9  # boolean_py-5.0-py3-none-any.whl
boto3==1.35.49 --hash=sha256:b660c649a27a6b47a34f6f858f5bd7c3b0a798a16dec8dda7cbebeee80fd1f60  # boto3-1.35.49-py3-none-any.whl
botocore==1.35.99 --hash=sha256:b22d27b6b617fc2d7342090d6129000af2efd20174215948c0d7ae2da0fab445  # botocore-1.35.99-py3-none-any.whl
cached-property==2.0.1 --hash=sha256:f617d70ab1100b7bcf6e42228f9ddcb78c676ffa167278d9f730d1c2fba69ccb  # cached_property-2.0.1-py3-none-any.whl
cachetools==5.5.2 --hash=sha256:d26a22bcc62eb95c3beabd9f1ee5e820d3d2704fe2967cbe350e20c8ffcd3f0a  # cachetools-5.5.2-py3-none-any.whl
certifi==2026.7.22 --hash=sha256:62f22742b58a1a33014a2b6b706588a8d7e2a88ae7bd1a6ebe8c992928483775  # certifi-2026.7.22-py3-none-any.whl
cffi==2.1.1 --hash=sha256:c1453022f490d2459a11819d83ad1d586e9ff65a12ac3e705ffebd46d3685dcf  # cffi-2.1.1-cp312-cp312-manylinux2014_x86_64.manylinux_2_17_x86_64.whl
charset-normalizer==3.5.1 --hash=sha256:b9af956078716df40d985fb0dfeb2c2120c5ca92ba4ff4b388acfd01cdc14d08  # charset_normalizer-3.5.1-cp312-cp312-manylinux2014_x86_64.manylinux_2_17_x86_64.manylinux_2_28_x86_64.whl
checkov==3.3.16 --hash=sha256:43e5383418a8b52d39747e2daaec4da4a6b7db3e2f64ab6c93f8b89c044c7665  # checkov-3.3.16-py3-none-any.whl
click-option-group==0.5.9 --hash=sha256:ad2599248bd373e2e19bec5407967c3eec1d0d4fc4a5e77b08a0481e75991080  # click_option_group-0.5.9-py3-none-any.whl
click==8.5.0 --hash=sha256:255bc9599cf7748b4b1a446ccc735421bd08a2ae529a8b88597d3de5664ee360  # click-8.5.0-py3-none-any.whl
cloudsplaining==0.7.0 --hash=sha256:8e93c7b1671c8353f520627cdf7917ec543581c9b9936b3d344817bb4747174e  # cloudsplaining-0.7.0-py3-none-any.whl
colorama==0.4.6 --hash=sha256:4f1d9991f5acc0ca119f9d443620b77f9d6b33703e51011c16baf57afb285fc6  # colorama-0.4.6-py2.py3-none-any.whl
contextlib2==21.6.0 --hash=sha256:3fbdb64466afd23abaf6c977627b75b6139a5a3e8ce38405c5b413aed7a0471f  # contextlib2-21.6.0-py2.py3-none-any.whl
cyclonedx-python-lib==7.6.2 --hash=sha256:c42fab352cc0f7418d1b30def6751d9067ebcf0e8e4be210fc14d6e742a9edcc  # cyclonedx_python_lib-7.6.2-py3-none-any.whl
decorator==5.3.1 --hash=sha256:f47fe6fdbd2edd623ecfe36875d37aba411624e2670dd395dddae1358689bb3c  # decorator-5.3.1-py3-none-any.whl
defusedxml==0.7.1 --hash=sha256:a352e7e428770286cc899e2542b6cdaedb2b4953ff269a210103ec58f6198a61  # defusedxml-0.7.1-py2.py3-none-any.whl
docker==7.2.0 --hash=sha256:a3f45fdeb9165e2d25d9a1d02ddf3bc70fb572cf5ebbf9b58558c22caf29b71f  # docker-7.2.0-py3-none-any.whl
dockerfile-parse==2.0.1 --hash=sha256:bdffd126d2eb26acf1066acb54cb2e336682e1d72b974a40894fac76a4df17f6  # dockerfile_parse-2.0.1-py2.py3-none-any.whl
dpath==2.1.3 --hash=sha256:d9560e03ccd83b3c6f29988b0162ce9b34fd28b9d8dbda46663b20c68d9cdae3  # dpath-2.1.3-py3-none-any.whl
ecdsa==0.19.2 --hash=sha256:840f5dc5e375c68f36c1a7a5b9caad28f95daa65185c9253c0c08dd952bb7399  # ecdsa-0.19.2-py2.py3-none-any.whl
frozenlist==1.8.0 --hash=sha256:494a5952b1c597ba44e0e78113a7266e656b9794eec897b19ead706bd7074383  # frozenlist-1.8.0-cp312-cp312-manylinux1_x86_64.manylinux_2_28_x86_64.manylinux_2_5_x86_64.whl
gitdb==4.0.12 --hash=sha256:67073e15955400952c6565cc3e707c554a4eea2e428946f7a4c162fab9bd9bcf  # gitdb-4.0.12-py3-none-any.whl
idna==3.19 --hash=sha256:815e7be7a7806d54abb586dc943addc79e8b2ee16915059658cbeff4b1b43bf4  # idna-3.19-py3-none-any.whl
importlib_metadata==7.2.1 --hash=sha256:ffef94b0b66046dd8ea2d619b701fe978d9264d38f3998bc4c27ec3b146a87c8  # importlib_metadata-7.2.1-py3-none-any.whl
jmespath==1.1.0 --hash=sha256:a5663118de4908c91729bea0acadca56526eb2698e83de10cd116ae0f4e97c64  # jmespath-1.1.0-py3-none-any.whl
jsonschema-specifications==2025.9.1 --hash=sha256:98802fee3a11ee76ecaca44429fda8a41bff98b00a0f2838151b113f210cc6fe  # jsonschema_specifications-2025.9.1-py3-none-any.whl
jsonschema==4.26.0 --hash=sha256:d489f15263b8d200f8387e64b4c3a75f06629559fb73deb8fdfb525f2dab50ce  # jsonschema-4.26.0-py3-none-any.whl
junit-xml==1.9 --hash=sha256:ec5ca1a55aefdd76d28fcc0b135251d156c7106fa979686a4b48d62b761b4732  # junit_xml-1.9-py2.py3-none-any.whl
lark==1.3.1 --hash=sha256:c629b661023a014c37da873b4ff58a817398d12635d3bbb2c5a03be7fe5d1e12  # lark-1.3.1-py3-none-any.whl
license-expression==30.4.4 --hash=sha256:421788fdcadb41f049d2dc934ce666626265aeccefddd25e162a26f23bcbf8a4  # license_expression-30.4.4-py3-none-any.whl
multidict==6.7.1 --hash=sha256:bfde23ef6ed9db7eaee6c37dcec08524cb43903c60b285b172b6c094711b3961  # multidict-6.7.1-cp312-cp312-manylinux2014_x86_64.manylinux_2_17_x86_64.manylinux_2_28_x86_64.whl
networkx==2.6.3 --hash=sha256:80b6b89c77d1dfb64a4c7854981b60aeea6360ac02c6d4e4913319e0a313abef  # networkx-2.6.3-py3-none-any.whl
numpy==2.5.2 --hash=sha256:3cdec01fa790a186d430433fdd4d4ffb70eed6f0eeb4bf05c8dbe2dce0a9bcb8  # numpy-2.5.2-cp312-cp312-manylinux_2_27_x86_64.manylinux_2_28_x86_64.whl
orjson==3.12.0 --hash=sha256:1192a7021b6d071aaf909864f6e924d6a2675ca360485b972b8401749311750b  # orjson-3.12.0-cp312-cp312-manylinux_2_17_x86_64.manylinux2014_x86_64.whl
packageurl-python==0.13.4 --hash=sha256:62aa13d60a0082ff115784fefdfe73a12f310e455365cca7c6d362161067f35f  # packageurl_python-0.13.4-py3-none-any.whl
packaging==23.2 --hash=sha256:8c491190033a9af7e1d931d0b5dacc2ef47509b34dd0de67ed209b5203fc88c7  # packaging-23.2-py3-none-any.whl
pip==24.0 --hash=sha256:ba0d021a166865d2265246961bec0152ff124de910c5cc39f1156ce3fa7c69dc  # pip-24.0-py3-none-any.whl
platformdirs==4.11.7 --hash=sha256:8a02cb259042c79d1cd0450facc2fe6dc9d303ae7901afbe33bf8ea0b188cef6  # platformdirs-4.11.7-py3-none-any.whl
ply==3.11 --hash=sha256:096f9b8350b65ebd2fd1346b12452efe5b9607f7482813ffca50c22722a807ce  # ply-3.11-py2.py3-none-any.whl
policy_sentry==0.13.2 --hash=sha256:e82c3bc1783606449399c4221f67d05f6b08d8a184ba2fee87d04541d7282b86  # policy_sentry-0.13.2-py3-none-any.whl
prettytable==3.18.0 --hash=sha256:b3346e0e6f79180833aebaac088ae926340586cf6d7d991b9eb125b65f72313a  # prettytable-3.18.0-py3-none-any.whl
propcache==0.5.2 --hash=sha256:6f328175a2cde1f0ff2c4ed8ce968b9dcfb55f3a7153f39e2957ed994da13476  # propcache-0.5.2-cp312-cp312-manylinux2014_x86_64.manylinux_2_17_x86_64.manylinux_2_28_x86_64.whl
py-serializable==1.1.2 --hash=sha256:801be61b0a1ba64c3861f7c624f1de5cfbbabf8b458acc9cdda91e8f7e5effa1  # py_serializable-1.1.2-py3-none-any.whl
pycares==4.11.0 --hash=sha256:2d5cac829da91ade70ce1af97dad448c6cd4778b48facbce1b015e16ced93642  # pycares-4.11.0-cp312-cp312-manylinux_2_28_x86_64.whl
pycep-parser==0.5.1 --hash=sha256:8c3f99c0dc1301193b1bcbe0a44c6b2763f6d2daf24964ca48dcdfbb73087fa0  # pycep_parser-0.5.1-py3-none-any.whl
pycparser==3.0 --hash=sha256:b727414169a36b7d524c1c3e31839a521725078d7b2ff038656844266160a992  # pycparser-3.0-py3-none-any.whl
pydantic==2.13.5 --hash=sha256:346a034f080da3755d8e9cb5e00e8b07de1d39e4f6e2c87d8ab7cafa0b269a73  # pydantic-2.13.5-py3-none-any.whl
pydantic_core==2.46.5 --hash=sha256:0fc5be0abd4a407e200d844b404e33639a554e7bd0d448e7b9ae181be4789ac2  # pydantic_core-2.46.5-cp312-cp312-manylinux_2_17_x86_64.manylinux2014_x86_64.whl
pyparsing==3.3.2 --hash=sha256:850ba148bd908d7e2411587e247a1e4f0327839c40e2e5e6d05a007ecc69911d  # pyparsing-3.3.2-py3-none-any.whl
python-dateutil==2.9.0.post0 --hash=sha256:a8b2bc7bffae282281c8140a97d3aa9c14da0b136dfe83f850eea9a5f7470427  # python_dateutil-2.9.0.post0-py2.py3-none-any.whl
rdflib==7.6.0 --hash=sha256:30c0a3ebf4c0e09215f066be7246794b6492e054e782d7ac2a34c9f70a15e0dd  # rdflib-7.6.0-py3-none-any.whl
referencing==0.37.0 --hash=sha256:381329a9f99628c9069361716891d34ad94af76e461dcb0335825aecc7692231  # referencing-0.37.0-py3-none-any.whl
regex==2026.9.3 --hash=sha256:665207e41bacd435db001099eeab44103197c2c1a729d73ade74688a905ed4ce  # regex-2026.9.3-cp312-cp312-manylinux2014_x86_64.manylinux_2_17_x86_64.manylinux_2_28_x86_64.whl
requests==2.34.2 --hash=sha256:2a0d60c172f83ac6ab31e4554906c0f3b3588d37b5cb939b1c061f4907e278e0  # requests-2.34.2-py3-none-any.whl
rpds-py==2026.6.3 --hash=sha256:ecabd69db66de867690f9797f2f8fa27ba501bbc24540cbdbdc649cd15888ba6  # rpds_py-2026.6.3-cp312-cp312-manylinux_2_17_x86_64.manylinux2014_x86_64.whl
rustworkx==0.18.1 --hash=sha256:1ebd2441a51c68a784df8c62dc2e6f1a9f58c0eb1c2e21fd59776e08f55c0c0b  # rustworkx-0.18.1-cp310-abi3-manylinux2014_x86_64.manylinux_2_17_x86_64.whl
s3transfer==0.10.4 --hash=sha256:244a76a24355363a68164241438de1b72f8781664920260c48465896b712a41e  # s3transfer-0.10.4-py3-none-any.whl
schema==0.7.5 --hash=sha256:f3ffdeeada09ec34bf40d7d79996d9f7175db93b7a5065de0faa7f41083c1e6c  # schema-0.7.5-py2.py3-none-any.whl
semantic-version==2.10.0 --hash=sha256:de78a3b8e0feda74cabc54aab2da702113e33ac9d9eb9d2389bcf1f58b7d9177  # semantic_version-2.10.0-py2.py3-none-any.whl
six==1.17.0 --hash=sha256:4721f391ed90541fddacab5acf947aa0d3dc7d27b2e1e8eda2be8970586c3274  # six-1.17.0-py2.py3-none-any.whl
smmap==5.0.3 --hash=sha256:c106e05d5a61449cf6ba9a1e650227ecfb141590d2a98412103ff35d89fc7b2f  # smmap-5.0.3-py3-none-any.whl
sortedcontainers==2.4.0 --hash=sha256:a163dcaede0f1c021485e957a39245190e74249897e2ae4b2aa38595db237ee0  # sortedcontainers-2.4.0-py2.py3-none-any.whl
soupsieve==2.9.2 --hash=sha256:8089a26fd974ca7a1f30276d3d8492ab266ab15af581642dfe8aa162e0c1c823  # soupsieve-2.9.2-py3-none-any.whl
spdx-tools==0.8.5 --hash=sha256:7c2d5865941be9d2e898f5b084e8d5422dd298dc5a29320ddb198fec304f59c4  # spdx_tools-0.8.5-py3-none-any.whl
tabulate==0.9.0 --hash=sha256:024ca478df22e9340661486f85298cff5f6dcdba14f3813e8830015b9ed1948f  # tabulate-0.9.0-py3-none-any.whl
termcolor==2.3.0 --hash=sha256:3afb05607b89aed0ffe25202399ee0867ad4d3cb4180d98aaf8eefa6a5f7d475  # termcolor-2.3.0-py3-none-any.whl
tqdm==4.70.0 --hash=sha256:7f585706bfddbdebf89daac705b2dfcc16890130727d3197ca62c732b4310953  # tqdm-4.70.0-py3-none-any.whl
typing-inspection==0.4.4 --hash=sha256:65b8397ba37ccbce054456aaccddfc91e6e3083c92824df348d96ca832f3f147  # typing_inspection-0.4.4-py3-none-any.whl
typing_extensions==4.16.0 --hash=sha256:481caa481374e813c1b176ada14e97f1f67a4539ce9cfeb3f350d78d6370c2e8  # typing_extensions-4.16.0-py3-none-any.whl
unidiff==1.0.0 --hash=sha256:2e1fb4eebe2354a26a1f3d51efe2e5d504cae5764b98ed8bdbb4e7a000baff28  # unidiff-1.0.0-py3-none-any.whl
uritools==6.1.3 --hash=sha256:136f113e76e53f85bf2d9cce0c3d40ceec775d0409e7d6de9b28f046a7d42838  # uritools-6.1.3-py3-none-any.whl
urllib3==2.7.0 --hash=sha256:9fb4c81ebbb1ce9531cce37674bbc6f1360472bc18ca9a553ede278ef7276897  # urllib3-2.7.0-py3-none-any.whl
wcwidth==0.8.3 --hash=sha256:d5b73dba6158a595ec9370350e7f2637bcac8d6c5e4fde34f30fcffb6103a5e4  # wcwidth-0.8.3-py3-none-any.whl
xmltodict==1.0.4 --hash=sha256:a4a00d300b0e1c59fc2bfccb53d7b2e88c32f200df138a0dd2229f842497026a  # xmltodict-1.0.4-py3-none-any.whl
yarl==1.24.5 --hash=sha256:f08c7513ecef5aad65687bfdf6bc601ae9fccd04a42904501f8f7141abad9eb9  # yarl-1.24.5-cp312-cp312-manylinux2014_x86_64.manylinux_2_17_x86_64.manylinux_2_28_x86_64.whl
zipp==4.1.0 --hash=sha256:25ad4e16390cd314347dd8f1de67a2ac538ae658ed4ab9db16029c07c188e97f  # zipp-4.1.0-py3-none-any.whl
